
Microsoft Visual Studio Solution File, Format Version 12.00
# Visual Studio Version 16
VisualStudioVersion = 16.0.32802.440
MinimumVisualStudioVersion = 10.0.40219.1
Project("{FAE04EC0-301F-11D3-BF4B-00C04F79EFBC}") = "Mvc_EF_Project", "Mvc_EF_Project.csproj", "{4CDBFA41-3C63-4956-8318-B415858EEB58}"
EndProject
Global
	GlobalSection(SolutionConfigurationPlatforms) = preSolution
		Debug|Any CPU = Debug|Any CPU
		Release|Any CPU = Release|Any CPU
	EndGlobalSection
	GlobalSection(ProjectConfigurationPlatforms) = postSolution
		{4CDBFA41-3C63-4956-8318-B415858EEB58}.Debug|Any CPU.ActiveCfg = Debug|Any CPU
		{4CDBFA41-3C63-4956-8318-B415858EEB58}.Debug|Any CPU.Build.0 = Debug|Any CPU
		{4CDBFA41-3C63-4956-8318-B415858EEB58}.Release|Any CPU.ActiveCfg = Release|Any CPU
		{4CDBFA41-3C63-4956-8318-B415858EEB58}.Release|Any CPU.Build.0 = Release|Any CPU
	EndGlobalSection
	GlobalSection(SolutionProperties) = preSolution
		HideSolutionNode = FALSE
	EndGlobalSection
	GlobalSection(ExtensibilityGlobals) = postSolution
		SolutionGuid = {F562702C-779B-43E5-B404-09CA66331309}
	EndGlobalSection
EndGlobal
